
Microsoft Visual Studio Solution File, Format Version 12.00
# Visual Studio 15
VisualStudioVersion = 15.0.27004.2006
MinimumVisualStudioVersion = 10.0.40219.1
Project("{FAE04EC0-301F-11D3-BF4B-00C04F79EFBC}") = "10.1", "10.1\10.1.csproj", "{84FD8AE6-F900-43E2-BC3D-9526C8857218}"
EndProject
Global
	GlobalSection(SolutionConfigurationPlatforms) = preSolution
		Debug|Any CPU = Debug|Any CPU
		Release|Any CPU = Release|Any CPU
	EndGlobalSection
	GlobalSection(ProjectConfigurationPlatforms) = postSolution
		{84FD8AE6-F900-43E2-BC3D-9526C8857218}.Debug|Any CPU.ActiveCfg = Debug|Any CPU
		{84FD8AE6-F900-43E2-BC3D-9526C8857218}.Debug|Any CPU.Build.0 = Debug|Any CPU
		{84FD8AE6-F900-43E2-BC3D-9526C8857218}.Release|Any CPU.ActiveCfg = Release|Any CPU
		{84FD8AE6-F900-43E2-BC3D-9526C8857218}.Release|Any CPU.Build.0 = Release|Any CPU
	EndGlobalSection
	GlobalSection(SolutionProperties) = preSolution
		HideSolutionNode = FALSE
	EndGlobalSection
	GlobalSection(ExtensibilityGlobals) = postSolution
		SolutionGuid = {900BD1BE-0D17-452A-841E-8C7D5F6F9741}
	EndGlobalSection
EndGlobal
