
Microsoft Visual Studio Solution File, Format Version 12.00
# Visual Studio 15
VisualStudioVersion = 15.0.27428.1
MinimumVisualStudioVersion = 10.0.40219.1
Project("{FAE04EC0-301F-11D3-BF4B-00C04F79EFBC}") = "1.2.6", "1.2.6\1.2.6.csproj", "{10322774-C574-4E5C-89CB-868B2A03705D}"
EndProject
Global
	GlobalSection(SolutionConfigurationPlatforms) = preSolution
		Debug|Any CPU = Debug|Any CPU
		Release|Any CPU = Release|Any CPU
	EndGlobalSection
	GlobalSection(ProjectConfigurationPlatforms) = postSolution
		{10322774-C574-4E5C-89CB-868B2A03705D}.Debug|Any CPU.ActiveCfg = Debug|Any CPU
		{10322774-C574-4E5C-89CB-868B2A03705D}.Debug|Any CPU.Build.0 = Debug|Any CPU
		{10322774-C574-4E5C-89CB-868B2A03705D}.Release|Any CPU.ActiveCfg = Release|Any CPU
		{10322774-C574-4E5C-89CB-868B2A03705D}.Release|Any CPU.Build.0 = Release|Any CPU
	EndGlobalSection
	GlobalSection(SolutionProperties) = preSolution
		HideSolutionNode = FALSE
	EndGlobalSection
	GlobalSection(ExtensibilityGlobals) = postSolution
		SolutionGuid = {87972898-E60E-406E-8281-6B20D46739D2}
	EndGlobalSection
EndGlobal
