
Microsoft Visual Studio Solution File, Format Version 12.00
# Visual Studio 15
VisualStudioVersion = 15.0.27428.2037
MinimumVisualStudioVersion = 10.0.40219.1
Project("{FAE04EC0-301F-11D3-BF4B-00C04F79EFBC}") = "1.2", "1.2\1.2.csproj", "{511FF1BD-7334-4509-BDB1-ED2E04B47CC3}"
EndProject
Global
	GlobalSection(SolutionConfigurationPlatforms) = preSolution
		Debug|Any CPU = Debug|Any CPU
		Release|Any CPU = Release|Any CPU
	EndGlobalSection
	GlobalSection(ProjectConfigurationPlatforms) = postSolution
		{511FF1BD-7334-4509-BDB1-ED2E04B47CC3}.Debug|Any CPU.ActiveCfg = Debug|Any CPU
		{511FF1BD-7334-4509-BDB1-ED2E04B47CC3}.Debug|Any CPU.Build.0 = Debug|Any CPU
		{511FF1BD-7334-4509-BDB1-ED2E04B47CC3}.Release|Any CPU.ActiveCfg = Release|Any CPU
		{511FF1BD-7334-4509-BDB1-ED2E04B47CC3}.Release|Any CPU.Build.0 = Release|Any CPU
	EndGlobalSection
	GlobalSection(SolutionProperties) = preSolution
		HideSolutionNode = FALSE
	EndGlobalSection
	GlobalSection(ExtensibilityGlobals) = postSolution
		SolutionGuid = {63B353CA-A13E-4873-BDFA-75963E3DA70C}
	EndGlobalSection
EndGlobal
