
Microsoft Visual Studio Solution File, Format Version 12.00
# Visual Studio 15
VisualStudioVersion = 15.0.27428.2037
MinimumVisualStudioVersion = 10.0.40219.1
Project("{FAE04EC0-301F-11D3-BF4B-00C04F79EFBC}") = "2.8", "2.8\2.8.csproj", "{E83E294A-998A-4A97-94EC-F47F810C9403}"
EndProject
Global
	GlobalSection(SolutionConfigurationPlatforms) = preSolution
		Debug|Any CPU = Debug|Any CPU
		Release|Any CPU = Release|Any CPU
	EndGlobalSection
	GlobalSection(ProjectConfigurationPlatforms) = postSolution
		{E83E294A-998A-4A97-94EC-F47F810C9403}.Debug|Any CPU.ActiveCfg = Debug|Any CPU
		{E83E294A-998A-4A97-94EC-F47F810C9403}.Debug|Any CPU.Build.0 = Debug|Any CPU
		{E83E294A-998A-4A97-94EC-F47F810C9403}.Release|Any CPU.ActiveCfg = Release|Any CPU
		{E83E294A-998A-4A97-94EC-F47F810C9403}.Release|Any CPU.Build.0 = Release|Any CPU
	EndGlobalSection
	GlobalSection(SolutionProperties) = preSolution
		HideSolutionNode = FALSE
	EndGlobalSection
	GlobalSection(ExtensibilityGlobals) = postSolution
		SolutionGuid = {48688099-FC28-478E-AC36-3194F5596F22}
	EndGlobalSection
EndGlobal
