
Microsoft Visual Studio Solution File, Format Version 12.00
# Visual Studio 15
VisualStudioVersion = 15.0.27428.2037
MinimumVisualStudioVersion = 10.0.40219.1
Project("{FAE04EC0-301F-11D3-BF4B-00C04F79EFBC}") = "1.2.5", "1.2.5\1.2.5.csproj", "{C8853ECE-893A-43B8-A9FB-32542DDB159B}"
EndProject
Global
	GlobalSection(SolutionConfigurationPlatforms) = preSolution
		Debug|Any CPU = Debug|Any CPU
		Release|Any CPU = Release|Any CPU
	EndGlobalSection
	GlobalSection(ProjectConfigurationPlatforms) = postSolution
		{C8853ECE-893A-43B8-A9FB-32542DDB159B}.Debug|Any CPU.ActiveCfg = Debug|Any CPU
		{C8853ECE-893A-43B8-A9FB-32542DDB159B}.Debug|Any CPU.Build.0 = Debug|Any CPU
		{C8853ECE-893A-43B8-A9FB-32542DDB159B}.Release|Any CPU.ActiveCfg = Release|Any CPU
		{C8853ECE-893A-43B8-A9FB-32542DDB159B}.Release|Any CPU.Build.0 = Release|Any CPU
	EndGlobalSection
	GlobalSection(SolutionProperties) = preSolution
		HideSolutionNode = FALSE
	EndGlobalSection
	GlobalSection(ExtensibilityGlobals) = postSolution
		SolutionGuid = {405DD133-0626-493A-A8A6-F2AD08154BE8}
	EndGlobalSection
EndGlobal
