
Microsoft Visual Studio Solution File, Format Version 12.00
# Visual Studio 15
VisualStudioVersion = 15.0.27428.2002
MinimumVisualStudioVersion = 10.0.40219.1
Project("{FAE04EC0-301F-11D3-BF4B-00C04F79EFBC}") = "3.1", "3.1\3.1.csproj", "{DC268A52-82F7-4B3C-AF83-D57728307AA7}"
EndProject
Global
	GlobalSection(SolutionConfigurationPlatforms) = preSolution
		Debug|Any CPU = Debug|Any CPU
		Release|Any CPU = Release|Any CPU
	EndGlobalSection
	GlobalSection(ProjectConfigurationPlatforms) = postSolution
		{DC268A52-82F7-4B3C-AF83-D57728307AA7}.Debug|Any CPU.ActiveCfg = Debug|Any CPU
		{DC268A52-82F7-4B3C-AF83-D57728307AA7}.Debug|Any CPU.Build.0 = Debug|Any CPU
		{DC268A52-82F7-4B3C-AF83-D57728307AA7}.Release|Any CPU.ActiveCfg = Release|Any CPU
		{DC268A52-82F7-4B3C-AF83-D57728307AA7}.Release|Any CPU.Build.0 = Release|Any CPU
	EndGlobalSection
	GlobalSection(SolutionProperties) = preSolution
		HideSolutionNode = FALSE
	EndGlobalSection
	GlobalSection(ExtensibilityGlobals) = postSolution
		SolutionGuid = {0427FE5A-9B93-4DEA-9132-159C8D5EECD5}
	EndGlobalSection
EndGlobal
