
Microsoft Visual Studio Solution File, Format Version 12.00
# Visual Studio 15
VisualStudioVersion = 15.0.27428.1
MinimumVisualStudioVersion = 10.0.40219.1
Project("{FAE04EC0-301F-11D3-BF4B-00C04F79EFBC}") = "6.2", "6.2\6.2.csproj", "{15EC490F-552C-4885-A29D-40619F59BA47}"
EndProject
Global
	GlobalSection(SolutionConfigurationPlatforms) = preSolution
		Debug|Any CPU = Debug|Any CPU
		Release|Any CPU = Release|Any CPU
	EndGlobalSection
	GlobalSection(ProjectConfigurationPlatforms) = postSolution
		{15EC490F-552C-4885-A29D-40619F59BA47}.Debug|Any CPU.ActiveCfg = Debug|Any CPU
		{15EC490F-552C-4885-A29D-40619F59BA47}.Debug|Any CPU.Build.0 = Debug|Any CPU
		{15EC490F-552C-4885-A29D-40619F59BA47}.Release|Any CPU.ActiveCfg = Release|Any CPU
		{15EC490F-552C-4885-A29D-40619F59BA47}.Release|Any CPU.Build.0 = Release|Any CPU
	EndGlobalSection
	GlobalSection(SolutionProperties) = preSolution
		HideSolutionNode = FALSE
	EndGlobalSection
	GlobalSection(ExtensibilityGlobals) = postSolution
		SolutionGuid = {D057E224-8808-4C47-A1CC-7123D52C0B99}
	EndGlobalSection
EndGlobal
